
Microsoft Visual Studio Solution File, Format Version 11.00
# Visual C# Express 2010
Project("{FAE04EC0-301F-11D3-BF4B-00C04F79EFBC}") = "Spaceman", "WindowsGame1\WindowsGame1\Spaceman.csproj", "{489AAE1D-A56B-49C1-BB84-36C39231812F}"
EndProject
Project("{96E2B04D-8817-42C6-938A-82C39BA4D311}") = "WindowsGame1Content", "WindowsGame1\WindowsGame1Content\WindowsGame1Content.contentproj", "{8B859369-A697-4546-B64D-289B27D4806F}"
EndProject
Global
	GlobalSection(SolutionConfigurationPlatforms) = preSolution
		Debug|x86 = Debug|x86
		Release|x86 = Release|x86
	EndGlobalSection
	GlobalSection(ProjectConfigurationPlatforms) = postSolution
		{489AAE1D-A56B-49C1-BB84-36C39231812F}.Debug|x86.ActiveCfg = Debug|x86
		{489AAE1D-A56B-49C1-BB84-36C39231812F}.Debug|x86.Build.0 = Debug|x86
		{489AAE1D-A56B-49C1-BB84-36C39231812F}.Release|x86.ActiveCfg = Release|x86
		{489AAE1D-A56B-49C1-BB84-36C39231812F}.Release|x86.Build.0 = Release|x86
		{8B859369-A697-4546-B64D-289B27D4806F}.Debug|x86.ActiveCfg = Debug|x86
		{8B859369-A697-4546-B64D-289B27D4806F}.Release|x86.ActiveCfg = Release|x86
	EndGlobalSection
	GlobalSection(SolutionProperties) = preSolution
		HideSolutionNode = FALSE
	EndGlobalSection
EndGlobal
